// !$*UTF8*$!
{
	archiveVersion = 1;
	classes = {
	};
	objectVersion = 50;
	objects = {

/* Begin PBXBuildFile section */
		D80D2FAD236598F500C29221 /* AppDelegate.m in Sources */ = {isa = PBXBuildFile; fileRef = D80D2FAC236598F500C29221 /* AppDelegate.m */; };
		D80D2FB0236598F500C29221 /* SceneDelegate.m in Sources */ = {isa = PBXBuildFile; fileRef = D80D2FAF236598F500C29221 /* SceneDelegate.m */; };
		D80D2FB3236598F500C29221 /* ViewController.m in Sources */ = {isa = PBXBuildFile; fileRef = D80D2FB2236598F500C29221 /* ViewController.m */; };
		D80D2FB6236598F500C29221 /* Main.storyboard in Resources */ = {isa = PBXBuildFile; fileRef = D80D2FB4236598F500C29221 /* Main.storyboard */; };
		D80D2FB8236598F800C29221 /* Assets.xcassets in Resources */ = {isa = PBXBuildFile; fileRef = D80D2FB7236598F800C29221 /* Assets.xcassets */; };
		D80D2FBB236598F800C29221 /* LaunchScreen.storyboard in Resources */ = {isa = PBXBuildFile; fileRef = D80D2FB9236598F800C29221 /* LaunchScreen.storyboard */; };
		D80D2FBE236598F800C29221 /* main.m in Sources */ = {isa = PBXBuildFile; fileRef = D80D2FBD236598F800C29221 /* main.m */; };
		D80D2FC8236598F800C29221 /* QRcodeMachineTests.m in Sources */ = {isa = PBXBuildFile; fileRef = D80D2FC7236598F800C29221 /* QRcodeMachineTests.m */; };
		D80D2FD3236598F800C29221 /* QRcodeMachineUITests.m in Sources */ = {isa = PBXBuildFile; fileRef = D80D2FD2236598F800C29221 /* QRcodeMachineUITests.m */; };
/* End PBXBuildFile section */

/* Begin PBXContainerItemProxy section */
		D80D2FC4236598F800C29221 /* PBXContainerItemProxy */ = {
			isa = PBXContainerItemProxy;
			containerPortal = D80D2FA0236598F500C29221 /* Project object */;
			proxyType = 1;
			remoteGlobalIDString = D80D2FA7236598F500C29221;
			remoteInfo = QRcodeMachine;
		};
		D80D2FCF236598F800C29221 /* PBXContainerItemProxy */ = {
			isa = PBXContainerItemProxy;
			containerPortal = D80D2FA0236598F500C29221 /* Project object */;
			proxyType = 1;
			remoteGlobalIDString = D80D2FA7236598F500C29221;
			remoteInfo = QRcodeMachine;
		};
/* End PBXContainerItemProxy section */

/* Begin PBXFileReference section */
		D80D2FA8236598F500C29221 /* QRcodeMachine.app */ = {isa = PBXFileReference; explicitFileType = wrapper.application; includeInIndex = 0; path = QRcodeMachine.app; sourceTree = BUILT_PRODUCTS_DIR; };
		D80D2FAB236598F500C29221 /* AppDelegate.h */ = {isa = PBXFileReference; lastKnownFileType = sourcecode.c.h; path = AppDelegate.h; sourceTree = "<group>"; };
		D80D2FAC236598F500C29221 /* AppDelegate.m */ = {isa = PBXFileReference; lastKnownFileType = sourcecode.c.objc; path = AppDelegate.m; sourceTree = "<group>"; };
		D80D2FAE236598F500C29221 /* SceneDelegate.h */ = {isa = PBXFileReference; lastKnownFileType = sourcecode.c.h; path = SceneDelegate.h; sourceTree = "<group>"; };
		D80D2FAF236598F500C29221 /* SceneDelegate.m */ = {isa = PBXFileReference; lastKnownFileType = sourcecode.c.objc; path = SceneDelegate.m; sourceTree = "<group>"; };
		D80D2FB1236598F500C29221 /* ViewController.h */ = {isa = PBXFileReference; lastKnownFileType = sourcecode.c.h; path = ViewController.h; sourceTree = "<group>"; };
		D80D2FB2236598F500C29221 /* ViewController.m */ = {isa = PBXFileReference; lastKnownFileType = sourcecode.c.objc; path = ViewController.m; sourceTree = "<group>"; };
		D80D2FB5236598F500C29221 /* Base */ = {isa = PBXFileReference; lastKnownFileType = file.storyboard; name = Base; path = Base.lproj/Main.storyboard; sourceTree = "<group>"; };
		D80D2FB7236598F800C29221 /* Assets.xcassets */ = {isa = PBXFileReference; lastKnownFileType = folder.assetcatalog; path = Assets.xcassets; sourceTree = "<group>"; };
		D80D2FBA236598F800C29221 /* Base */ = {isa = PBXFileReference; lastKnownFileType = file.storyboard; name = Base; path = Base.lproj/LaunchScreen.storyboard; sourceTree = "<group>"; };
		D80D2FBC236598F800C29221 /* Info.plist */ = {isa = PBXFileReference; lastKnownFileType = text.plist.xml; path = Info.plist; sourceTree = "<group>"; };
		D80D2FBD236598F800C29221 /* main.m */ = {isa = PBXFileReference; lastKnownFileType = sourcecode.c.objc; path = main.m; sourceTree = "<group>"; };
		D80D2FC3236598F800C29221 /* QRcodeMachineTests.xctest */ = {isa = PBXFileReference; explicitFileType = wrapper.cfbundle; includeInIndex = 0; path = QRcodeMachineTests.xctest; sourceTree = BUILT_PRODUCTS_DIR; };
		D80D2FC7236598F800C29221 /* QRcodeMachineTests.m */ = {isa = PBXFileReference; lastKnownFileType = sourcecode.c.objc; path = QRcodeMachineTests.m; sourceTree = "<group>"; };
		D80D2FC9236598F800C29221 /* Info.plist */ = {isa = PBXFileReference; lastKnownFileType = text.plist.xml; path = Info.plist; sourceTree = "<group>"; };
		D80D2FCE236598F800C29221 /* QRcodeMachineUITests.xctest */ = {isa = PBXFileReference; explicitFileType = wrapper.cfbundle; includeInIndex = 0; path = QRcodeMachineUITests.xctest; sourceTree = BUILT_PRODUCTS_DIR; };
		D80D2FD2236598F800C29221 /* QRcodeMachineUITests.m */ = {isa = PBXFileReference; lastKnownFileType = sourcecode.c.objc; path = QRcodeMachineUITests.m; sourceTree = "<group>"; };
		D80D2FD4236598F800C29221 /* Info.plist */ = {isa = PBXFileReference; lastKnownFileType = text.plist.xml; path = Info.plist; sourceTree = "<group>"; };
/* End PBXFileReference section */

/* Begin PBXFrameworksBuildPhase section */
		D80D2FA5236598F500C29221 /* Frameworks */ = {
			isa = PBXFrameworksBuildPhase;
			buildActionMask = 2147483647;
			files = (
			);
			runOnlyForDeploymentPostprocessing = 0;
		};
		D80D2FC0236598F800C29221 /* Frameworks */ = {
			isa = PBXFrameworksBuildPhase;
			buildActionMask = 2147483647;
			files = (
			);
			runOnlyForDeploymentPostprocessing = 0;
		};
		D80D2FCB236598F800C29221 /* Frameworks */ = {
			isa = PBXFrameworksBuildPhase;
			buildActionMask = 2147483647;
			files = (
			);
			runOnlyForDeploymentPostprocessing = 0;
		};
/* End PBXFrameworksBuildPhase section */

/* Begin PBXGroup section */
		D80D2F9F236598F500C29221 = {
			isa = PBXGroup;
			children = (
				D80D2FAA236598F500C29221 /* QRcodeMachine */,
				D80D2FC6236598F800C29221 /* QRcodeMachineTests */,
				D80D2FD1236598F800C29221 /* QRcodeMachineUITests */,
				D80D2FA9236598F500C29221 /* Products */,
			);
			sourceTree = "<group>";
		};
		D80D2FA9236598F500C29221 /* Products */ = {
			isa = PBXGroup;
			children = (
				D80D2FA8236598F500C29221 /* QRcodeMachine.app */,
				D80D2FC3236598F800C29221 /* QRcodeMachineTests.xctest */,
				D80D2FCE236598F800C29221 /* QRcodeMachineUITests.xctest */,
			);
			name = Products;
			sourceTree = "<group>";
		};
		D80D2FAA236598F500C29221 /* QRcodeMachine */ = {
			isa = PBXGroup;
			children = (
				D80D2FAB236598F500C29221 /* AppDelegate.h */,
				D80D2FAC236598F500C29221 /* AppDelegate.m */,
				D80D2FAE236598F500C29221 /* SceneDelegate.h */,
				D80D2FAF236598F500C29221 /* SceneDelegate.m */,
				D80D2FB1236598F500C29221 /* ViewController.h */,
				D80D2FB2236598F500C29221 /* ViewController.m */,
				D80D2FB4236598F500C29221 /* Main.storyboard */,
				D80D2FB7236598F800C29221 /* Assets.xcassets */,
				D80D2FB9236598F800C29221 /* LaunchScreen.storyboard */,
				D80D2FBC236598F800C29221 /* Info.plist */,
				D80D2FBD236598F800C29221 /* main.m */,
			);
			path = QRcodeMachine;
			sourceTree = "<group>";
		};
		D80D2FC6236598F800C29221 /* QRcodeMachineTests */ = {
			isa = PBXGroup;
			children = (
				D80D2FC7236598F800C29221 /* QRcodeMachineTests.m */,
				D80D2FC9236598F800C29221 /* Info.plist */,
			);
			path = QRcodeMachineTests;
			sourceTree = "<group>";
		};
		D80D2FD1236598F800C29221 /* QRcodeMachineUITests */ = {
			isa = PBXGroup;
			children = (
				D80D2FD2236598F800C29221 /* QRcodeMachineUITests.m */,
				D80D2FD4236598F800C29221 /* Info.plist */,
			);
			path = QRcodeMachineUITests;
			sourceTree = "<group>";
		};
/* End PBXGroup section */

/* Begin PBXNativeTarget section */
		D80D2FA7236598F500C29221 /* QRcodeMachine */ = {
			isa = PBXNativeTarget;
			buildConfigurationList = D80D2FD7236598F800C29221 /* Build configuration list for PBXNativeTarget "QRcodeMachine" */;
			buildPhases = (
				D80D2FA4236598F500C29221 /* Sources */,
				D80D2FA5236598F500C29221 /* Frameworks */,
				D80D2FA6236598F500C29221 /* Resources */,
			);
			buildRules = (
			);
			dependencies = (
			);
			name = QRcodeMachine;
			productName = QRcodeMachine;
			productReference = D80D2FA8236598F500C29221 /* QRcodeMachine.app */;
			productType = "com.apple.product-type.application";
		};
		D80D2FC2236598F800C29221 /* QRcodeMachineTests */ = {
			isa = PBXNativeTarget;
			buildConfigurationList = D80D2FDA236598F800C29221 /* Build configuration list for PBXNativeTarget "QRcodeMachineTests" */;
			buildPhases = (
				D80D2FBF236598F800C29221 /* Sources */,
				D80D2FC0236598F800C29221 /* Frameworks */,
				D80D2FC1236598F800C29221 /* Resources */,
			);
			buildRules = (
			);
			dependencies = (
				D80D2FC5236598F800C29221 /* PBXTargetDependency */,
			);
			name = QRcodeMachineTests;
			productName = QRcodeMachineTests;
			productReference = D80D2FC3236598F800C29221 /* QRcodeMachineTests.xctest */;
			productType = "com.apple.product-type.bundle.unit-test";
		};
		D80D2FCD236598F800C29221 /* QRcodeMachineUITests */ = {
			isa = PBXNativeTarget;
			buildConfigurationList = D80D2FDD236598F800C29221 /* Build configuration list for PBXNativeTarget "QRcodeMachineUITests" */;
			buildPhases = (
				D80D2FCA236598F800C29221 /* Sources */,
				D80D2FCB236598F800C29221 /* Frameworks */,
				D80D2FCC236598F800C29221 /* Resources */,
			);
			buildRules = (
			);
			dependencies = (
				D80D2FD0236598F800C29221 /* PBXTargetDependency */,
			);
			name = QRcodeMachineUITests;
			productName = QRcodeMachineUITests;
			productReference = D80D2FCE236598F800C29221 /* QRcodeMachineUITests.xctest */;
			productType = "com.apple.product-type.bundle.ui-testing";
		};
/* End PBXNativeTarget section */

/* Begin PBXProject section */
		D80D2FA0236598F500C29221 /* Project object */ = {
			isa = PBXProject;
			attributes = {
				LastUpgradeCheck = 1100;
				ORGANIZATIONNAME = koryv;
				TargetAttributes = {
					D80D2FA7236598F500C29221 = {
						CreatedOnToolsVersion = 11.0;
					};
					D80D2FC2236598F800C29221 = {
						CreatedOnToolsVersion = 11.0;
						TestTargetID = D80D2FA7236598F500C29221;
					};
					D80D2FCD236598F800C29221 = {
						CreatedOnToolsVersion = 11.0;
						TestTargetID = D80D2FA7236598F500C29221;
					};
				};
			};
			buildConfigurationList = D80D2FA3236598F500C29221 /* Build configuration list for PBXProject "QRcodeMachine" */;
			compatibilityVersion = "Xcode 9.3";
			developmentRegion = en;
			hasScannedForEncodings = 0;
			knownRegions = (
				en,
				Base,
			);
			mainGroup = D80D2F9F236598F500C29221;
			productRefGroup = D80D2FA9236598F500C29221 /* Products */;
			projectDirPath = "";
			projectRoot = "";
			targets = (
				D80D2FA7236598F500C29221 /* QRcodeMachine */,
				D80D2FC2236598F800C29221 /* QRcodeMachineTests */,
				D80D2FCD236598F800C29221 /* QRcodeMachineUITests */,
			);
		};
/* End PBXProject section */

/* Begin PBXResourcesBuildPhase section */
		D80D2FA6236598F500C29221 /* Resources */ = {
			isa = PBXResourcesBuildPhase;
			buildActionMask = 2147483647;
			files = (
				D80D2FBB236598F800C29221 /* LaunchScreen.storyboard in Resources */,
				D80D2FB8236598F800C29221 /* Assets.xcassets in Resources */,
				D80D2FB6236598F500C29221 /* Main.storyboard in Resources */,
			);
			runOnlyForDeploymentPostprocessing = 0;
		};
		D80D2FC1236598F800C29221 /* Resources */ = {
			isa = PBXResourcesBuildPhase;
			buildActionMask = 2147483647;
			files = (
			);
			runOnlyForDeploymentPostprocessing = 0;
		};
		D80D2FCC236598F800C29221 /* Resources */ = {
			isa = PBXResourcesBuildPhase;
			buildActionMask = 2147483647;
			files = (
			);
			runOnlyForDeploymentPostprocessing = 0;
		};
/* End PBXResourcesBuildPhase section */

/* Begin PBXSourcesBuildPhase section */
		D80D2FA4236598F500C29221 /* Sources */ = {
			isa = PBXSourcesBuildPhase;
			buildActionMask = 2147483647;
			files = (
				D80D2FB3236598F500C29221 /* ViewController.m in Sources */,
				D80D2FAD236598F500C29221 /* AppDelegate.m in Sources */,
				D80D2FBE236598F800C29221 /* main.m in Sources */,
				D80D2FB0236598F500C29221 /* SceneDelegate.m in Sources */,
			);
			runOnlyForDeploymentPostprocessing = 0;
		};
		D80D2FBF236598F800C29221 /* Sources */ = {
			isa = PBXSourcesBuildPhase;
			buildActionMask = 2147483647;
			files = (
				D80D2FC8236598F800C29221 /* QRcodeMachineTests.m in Sources */,
			);
			runOnlyForDeploymentPostprocessing = 0;
		};
		D80D2FCA236598F800C29221 /* Sources */ = {
			isa = PBXSourcesBuildPhase;
			buildActionMask = 2147483647;
			files = (
				D80D2FD3236598F800C29221 /* QRcodeMachineUITests.m in Sources */,
			);
			runOnlyForDeploymentPostprocessing = 0;
		};
/* End PBXSourcesBuildPhase section */

/* Begin PBXTargetDependency section */
		D80D2FC5236598F800C29221 /* PBXTargetDependency */ = {
			isa = PBXTargetDependency;
			target = D80D2FA7236598F500C29221 /* QRcodeMachine */;
			targetProxy = D80D2FC4236598F800C29221 /* PBXContainerItemProxy */;
		};
		D80D2FD0236598F800C29221 /* PBXTargetDependency */ = {
			isa = PBXTargetDependency;
			target = D80D2FA7236598F500C29221 /* QRcodeMachine */;
			targetProxy = D80D2FCF236598F800C29221 /* PBXContainerItemProxy */;
		};
/* End PBXTargetDependency section */

/* Begin PBXVariantGroup section */
		D80D2FB4236598F500C29221 /* Main.storyboard */ = {
			isa = PBXVariantGroup;
			children = (
				D80D2FB5236598F500C29221 /* Base */,
			);
			name = Main.storyboard;
			sourceTree = "<group>";
		};
		D80D2FB9236598F800C29221 /* LaunchScreen.storyboard */ = {
			isa = PBXVariantGroup;
			children = (
				D80D2FBA236598F800C29221 /* Base */,
			);
			name = LaunchScreen.storyboard;
			sourceTree = "<group>";
		};
/* End PBXVariantGroup section */

/* Begin XCBuildConfiguration section */
		D80D2FD5236598F800C29221 /* Debug */ = {
			isa = XCBuildConfiguration;
			buildSettings = {
				ALWAYS_SEARCH_USER_PATHS = NO;
				CLANG_ANALYZER_NONNULL = YES;
				CLANG_ANALYZER_NUMBER_OBJECT_CONVERSION = YES_AGGRESSIVE;
				CLANG_CXX_LANGUAGE_STANDARD = "gnu++14";
				CLANG_CXX_LIBRARY = "libc++";
				CLANG_ENABLE_MODULES = YES;
				CLANG_ENABLE_OBJC_ARC = YES;
				CLANG_ENABLE_OBJC_WEAK = YES;
				CLANG_WARN_BLOCK_CAPTURE_AUTORELEASING = YES;
				CLANG_WARN_BOOL_CONVERSION = YES;
				CLANG_WARN_COMMA = YES;
				CLANG_WARN_CONSTANT_CONVERSION = YES;
				CLANG_WARN_DEPRECATED_OBJC_IMPLEMENTATIONS = YES;
				CLANG_WARN_DIRECT_OBJC_ISA_USAGE = YES_ERROR;
				CLANG_WARN_DOCUMENTATION_COMMENTS = YES;
				CLANG_WARN_EMPTY_BODY = YES;
				CLANG_WARN_ENUM_CONVERSION = YES;
				CLANG_WARN_INFINITE_RECURSION = YES;
				CLANG_WARN_INT_CONVERSION = YES;
				CLANG_WARN_NON_LITERAL_NULL_CONVERSION = YES;
				CLANG_WARN_OBJC_IMPLICIT_RETAIN_SELF = YES;
				CLANG_WARN_OBJC_LITERAL_CONVERSION = YES;
				CLANG_WARN_OBJC_ROOT_CLASS = YES_ERROR;
				CLANG_WARN_RANGE_LOOP_ANALYSIS = YES;
				CLANG_WARN_STRICT_PROTOTYPES = YES;
				CLANG_WARN_SUSPICIOUS_MOVE = YES;
				CLANG_WARN_UNGUARDED_AVAILABILITY = YES_AGGRESSIVE;
				CLANG_WARN_UNREACHABLE_CODE = YES;
				CLANG_WARN__DUPLICATE_METHOD_MATCH = YES;
				COPY_PHASE_STRIP = NO;
				DEBUG_INFORMATION_FORMAT = dwarf;
				ENABLE_STRICT_OBJC_MSGSEND = YES;
				ENABLE_TESTABILITY = YES;
				GCC_C_LANGUAGE_STANDARD = gnu11;
				GCC_DYNAMIC_NO_PIC = NO;
				GCC_NO_COMMON_BLOCKS = YES;
				GCC_OPTIMIZATION_LEVEL = 0;
				GCC_PREPROCESSOR_DEFINITIONS = (
					"DEBUG=1",
					"$(inherited)",
				);
				GCC_WARN_64_TO_32_BIT_CONVERSION = YES;
				GCC_WARN_ABOUT_RETURN_TYPE = YES_ERROR;
				GCC_WARN_UNDECLARED_SELECTOR = YES;
				GCC_WARN_UNINITIALIZED_AUTOS = YES_AGGRESSIVE;
				GCC_WARN_UNUSED_FUNCTION = YES;
				GCC_WARN_UNUSED_VARIABLE = YES;
				IPHONEOS_DEPLOYMENT_TARGET = 13.0;
				MTL_ENABLE_DEBUG_INFO = INCLUDE_SOURCE;
				MTL_FAST_MATH = YES;
				ONLY_ACTIVE_ARCH = YES;
				SDKROOT = iphoneos;
			};
			name = Debug;
		};
		D80D2FD6236598F800C29221 /* Release */ = {
			isa = XCBuildConfiguration;
			buildSettings = {
				ALWAYS_SEARCH_USER_PATHS = NO;
				CLANG_ANALYZER_NONNULL = YES;
				CLANG_ANALYZER_NUMBER_OBJECT_CONVERSION = YES_AGGRESSIVE;
				CLANG_CXX_LANGUAGE_STANDARD = "gnu++14";
				CLANG_CXX_LIBRARY = "libc++";
				CLANG_ENABLE_MODULES = YES;
				CLANG_ENABLE_OBJC_ARC = YES;
				CLANG_ENABLE_OBJC_WEAK = YES;
				CLANG_WARN_BLOCK_CAPTURE_AUTORELEASING = YES;
				CLANG_WARN_BOOL_CONVERSION = YES;
				CLANG_WARN_COMMA = YES;
				CLANG_WARN_CONSTANT_CONVERSION = YES;
				CLANG_WARN_DEPRECATED_OBJC_IMPLEMENTATIONS = YES;
				CLANG_WARN_DIRECT_OBJC_ISA_USAGE = YES_ERROR;
				CLANG_WARN_DOCUMENTATION_COMMENTS = YES;
				CLANG_WARN_EMPTY_BODY = YES;
				CLANG_WARN_ENUM_CONVERSION = YES;
				CLANG_WARN_INFINITE_RECURSION = YES;
				CLANG_WARN_INT_CONVERSION = YES;
				CLANG_WARN_NON_LITERAL_NULL_CONVERSION = YES;
				CLANG_WARN_OBJC_IMPLICIT_RETAIN_SELF = YES;
				CLANG_WARN_OBJC_LITERAL_CONVERSION = YES;
				CLANG_WARN_OBJC_ROOT_CLASS = YES_ERROR;
				CLANG_WARN_RANGE_LOOP_ANALYSIS = YES;
				CLANG_WARN_STRICT_PROTOTYPES = YES;
				CLANG_WARN_SUSPICIOUS_MOVE = YES;
				CLANG_WARN_UNGUARDED_AVAILABILITY = YES_AGGRESSIVE;
				CLANG_WARN_UNREACHABLE_CODE = YES;
				CLANG_WARN__DUPLICATE_METHOD_MATCH = YES;
				COPY_PHASE_STRIP = NO;
				DEBUG_INFORMATION_FORMAT = "dwarf-with-dsym";
				ENABLE_NS_ASSERTIONS = NO;
				ENABLE_STRICT_OBJC_MSGSEND = YES;
				GCC_C_LANGUAGE_STANDARD = gnu11;
				GCC_NO_COMMON_BLOCKS = YES;
				GCC_WARN_64_TO_32_BIT_CONVERSION = YES;
				GCC_WARN_ABOUT_RETURN_TYPE = YES_ERROR;
				GCC_WARN_UNDECLARED_SELECTOR = YES;
				GCC_WARN_UNINITIALIZED_AUTOS = YES_AGGRESSIVE;
				GCC_WARN_UNUSED_FUNCTION = YES;
				GCC_WARN_UNUSED_VARIABLE = YES;
				IPHONEOS_DEPLOYMENT_TARGET = 13.0;
				MTL_ENABLE_DEBUG_INFO = NO;
				MTL_FAST_MATH = YES;
				SDKROOT = iphoneos;
				VALIDATE_PRODUCT = YES;
			};
			name = Release;
		};
		D80D2FD8236598F800C29221 /* Debug */ = {
			isa = XCBuildConfiguration;
			buildSettings = {
				ASSETCATALOG_COMPILER_APPICON_NAME = AppIcon;
				CODE_SIGN_STYLE = Automatic;
				DEVELOPMENT_TEAM = 5X5XSAZMKZ;
				INFOPLIST_FILE = QRcodeMachine/Info.plist;
				LD_RUNPATH_SEARCH_PATHS = (
					"$(inherited)",
					"@executable_path/Frameworks",
				);
				PRODUCT_BUNDLE_IDENTIFIER = "koryv-r.QRcodeMachine";
				PRODUCT_NAME = "$(TARGET_NAME)";
				TARGETED_DEVICE_FAMILY = "1,2";
			};
			name = Debug;
		};
		D80D2FD9236598F800C29221 /* Release */ = {
			isa = XCBuildConfiguration;
			buildSettings = {
				ASSETCATALOG_COMPILER_APPICON_NAME = AppIcon;
				CODE_SIGN_STYLE = Automatic;
				DEVELOPMENT_TEAM = 5X5XSAZMKZ;
				INFOPLIST_FILE = QRcodeMachine/Info.plist;
				LD_RUNPATH_SEARCH_PATHS = (
					"$(inherited)",
					"@executable_path/Frameworks",
				);
				PRODUCT_BUNDLE_IDENTIFIER = "koryv-r.QRcodeMachine";
				PRODUCT_NAME = "$(TARGET_NAME)";
				TARGETED_DEVICE_FAMILY = "1,2";
			};
			name = Release;
		};
		D80D2FDB236598F800C29221 /* Debug */ = {
			isa = XCBuildConfiguration;
			buildSettings = {
				BUNDLE_LOADER = "$(TEST_HOST)";
				CODE_SIGN_STYLE = Automatic;
				DEVELOPMENT_TEAM = 5X5XSAZMKZ;
				INFOPLIST_FILE = QRcodeMachineTests/Info.plist;
				IPHONEOS_DEPLOYMENT_TARGET = 13.0;
				LD_RUNPATH_SEARCH_PATHS = (
					"$(inherited)",
					"@executable_path/Frameworks",
					"@loader_path/Frameworks",
				);
				PRODUCT_BUNDLE_IDENTIFIER = "koryv-r.QRcodeMachineTests";
				PRODUCT_NAME = "$(TARGET_NAME)";
				TARGETED_DEVICE_FAMILY = "1,2";
				TEST_HOST = "$(BUILT_PRODUCTS_DIR)/QRcodeMachine.app/QRcodeMachine";
			};
			name = Debug;
		};
		D80D2FDC236598F800C29221 /* Release */ = {
			isa = XCBuildConfiguration;
			buildSettings = {
				BUNDLE_LOADER = "$(TEST_HOST)";
				CODE_SIGN_STYLE = Automatic;
				DEVELOPMENT_TEAM = 5X5XSAZMKZ;
				INFOPLIST_FILE = QRcodeMachineTests/Info.plist;
				IPHONEOS_DEPLOYMENT_TARGET = 13.0;
				LD_RUNPATH_SEARCH_PATHS = (
					"$(inherited)",
					"@executable_path/Frameworks",
					"@loader_path/Frameworks",
				);
				PRODUCT_BUNDLE_IDENTIFIER = "koryv-r.QRcodeMachineTests";
				PRODUCT_NAME = "$(TARGET_NAME)";
				TARGETED_DEVICE_FAMILY = "1,2";
				TEST_HOST = "$(BUILT_PRODUCTS_DIR)/QRcodeMachine.app/QRcodeMachine";
			};
			name = Release;
		};
		D80D2FDE236598F800C29221 /* Debug */ = {
			isa = XCBuildConfiguration;
			buildSettings = {
				CODE_SIGN_STYLE = Automatic;
				DEVELOPMENT_TEAM = 5X5XSAZMKZ;
				INFOPLIST_FILE = QRcodeMachineUITests/Info.plist;
				LD_RUNPATH_SEARCH_PATHS = (
					"$(inherited)",
					"@executable_path/Frameworks",
					"@loader_path/Frameworks",
				);
				PRODUCT_BUNDLE_IDENTIFIER = "koryv-r.QRcodeMachineUITests";
				PRODUCT_NAME = "$(TARGET_NAME)";
				TARGETED_DEVICE_FAMILY = "1,2";
				TEST_TARGET_NAME = QRcodeMachine;
			};
			name = Debug;
		};
		D80D2FDF236598F800C29221 /* Release */ = {
			isa = XCBuildConfiguration;
			buildSettings = {
				CODE_SIGN_STYLE = Automatic;
				DEVELOPMENT_TEAM = 5X5XSAZMKZ;
				INFOPLIST_FILE = QRcodeMachineUITests/Info.plist;
				LD_RUNPATH_SEARCH_PATHS = (
					"$(inherited)",
					"@executable_path/Frameworks",
					"@loader_path/Frameworks",
				);
				PRODUCT_BUNDLE_IDENTIFIER = "koryv-r.QRcodeMachineUITests";
				PRODUCT_NAME = "$(TARGET_NAME)";
				TARGETED_DEVICE_FAMILY = "1,2";
				TEST_TARGET_NAME = QRcodeMachine;
			};
			name = Release;
		};
/* End XCBuildConfiguration section */

/* Begin XCConfigurationList section */
		D80D2FA3236598F500C29221 /* Build configuration list for PBXProject "QRcodeMachine" */ = {
			isa = XCConfigurationList;
			buildConfigurations = (
				D80D2FD5236598F800C29221 /* Debug */,
				D80D2FD6236598F800C29221 /* Release */,
			);
			defaultConfigurationIsVisible = 0;
			defaultConfigurationName = Release;
		};
		D80D2FD7236598F800C29221 /* Build configuration list for PBXNativeTarget "QRcodeMachine" */ = {
			isa = XCConfigurationList;
			buildConfigurations = (
				D80D2FD8236598F800C29221 /* Debug */,
				D80D2FD9236598F800C29221 /* Release */,
			);
			defaultConfigurationIsVisible = 0;
			defaultConfigurationName = Release;
		};
		D80D2FDA236598F800C29221 /* Build configuration list for PBXNativeTarget "QRcodeMachineTests" */ = {
			isa = XCConfigurationList;
			buildConfigurations = (
				D80D2FDB236598F800C29221 /* Debug */,
				D80D2FDC236598F800C29221 /* Release */,
			);
			defaultConfigurationIsVisible = 0;
			defaultConfigurationName = Release;
		};
		D80D2FDD236598F800C29221 /* Build configuration list for PBXNativeTarget "QRcodeMachineUITests" */ = {
			isa = XCConfigurationList;
			buildConfigurations = (
				D80D2FDE236598F800C29221 /* Debug */,
				D80D2FDF236598F800C29221 /* Release */,
			);
			defaultConfigurationIsVisible = 0;
			defaultConfigurationName = Release;
		};
/* End XCConfigurationList section */
	};
	rootObject = D80D2FA0236598F500C29221 /* Project object */;
}
